
Microsoft Visual Studio Solution File, Format Version 12.00
# Visual Studio Version 17
VisualStudioVersion = 17.5.002.0
MinimumVisualStudioVersion = 10.0.40219.1
Project("{9A19103F-16F7-4668-BE54-9A1E7A4F7556}") = "Sem1Task0", "Sem1Task0.csproj", "{0DF34B5C-3E8F-4541-9C5F-AF0EBA06F31A}"
EndProject
Global
	GlobalSection(SolutionConfigurationPlatforms) = preSolution
		Debug|Any CPU = Debug|Any CPU
		Release|Any CPU = Release|Any CPU
	EndGlobalSection
	GlobalSection(ProjectConfigurationPlatforms) = postSolution
		{0DF34B5C-3E8F-4541-9C5F-AF0EBA06F31A}.Debug|Any CPU.ActiveCfg = Debug|Any CPU
		{0DF34B5C-3E8F-4541-9C5F-AF0EBA06F31A}.Debug|Any CPU.Build.0 = Debug|Any CPU
		{0DF34B5C-3E8F-4541-9C5F-AF0EBA06F31A}.Release|Any CPU.ActiveCfg = Release|Any CPU
		{0DF34B5C-3E8F-4541-9C5F-AF0EBA06F31A}.Release|Any CPU.Build.0 = Release|Any CPU
	EndGlobalSection
	GlobalSection(SolutionProperties) = preSolution
		HideSolutionNode = FALSE
	EndGlobalSection
	GlobalSection(ExtensibilityGlobals) = postSolution
		SolutionGuid = {B40401E4-3CC6-49A8-8E60-FA96AE6F5E5C}
	EndGlobalSection
EndGlobal
